
Microsoft Visual Studio Solution File, Format Version 12.00
Project("{FAE04EC0-301F-11D3-BF4B-00C04F79EFBC}") = "ApiTestFramework", "ApiTestFramework\ApiTestFramework.csproj", "{DE3AA5DF-C105-484D-A2F0-864D81D10F68}"
EndProject
Global
	GlobalSection(SolutionConfigurationPlatforms) = preSolution
		Debug|Any CPU = Debug|Any CPU
		Release|Any CPU = Release|Any CPU
	EndGlobalSection
	GlobalSection(ProjectConfigurationPlatforms) = postSolution
		{DE3AA5DF-C105-484D-A2F0-864D81D10F68}.Debug|Any CPU.ActiveCfg = Debug|Any CPU
		{DE3AA5DF-C105-484D-A2F0-864D81D10F68}.Debug|Any CPU.Build.0 = Debug|Any CPU
		{DE3AA5DF-C105-484D-A2F0-864D81D10F68}.Release|Any CPU.ActiveCfg = Release|Any CPU
		{DE3AA5DF-C105-484D-A2F0-864D81D10F68}.Release|Any CPU.Build.0 = Release|Any CPU
	EndGlobalSection
EndGlobal
